
Microsoft Visual Studio Solution File, Format Version 12.00
# Visual Studio Version 16
VisualStudioVersion = 16.0.29926.136
MinimumVisualStudioVersion = 10.0.40219.1
Project("{FAE04EC0-301F-11D3-BF4B-00C04F79EFBC}") = "LearnSystemTextJson", "LearnSystemTextJson.csproj", "{68402060-DB37-41F4-9820-F6912171ECCE}"
EndProject
Global
	GlobalSection(SolutionConfigurationPlatforms) = preSolution
		Debug|Any CPU = Debug|Any CPU
		Release|Any CPU = Release|Any CPU
	EndGlobalSection
	GlobalSection(ProjectConfigurationPlatforms) = postSolution
		{68402060-DB37-41F4-9820-F6912171ECCE}.Debug|Any CPU.ActiveCfg = Debug|Any CPU
		{68402060-DB37-41F4-9820-F6912171ECCE}.Debug|Any CPU.Build.0 = Debug|Any CPU
		{68402060-DB37-41F4-9820-F6912171ECCE}.Release|Any CPU.ActiveCfg = Release|Any CPU
		{68402060-DB37-41F4-9820-F6912171ECCE}.Release|Any CPU.Build.0 = Release|Any CPU
	EndGlobalSection
	GlobalSection(SolutionProperties) = preSolution
		HideSolutionNode = FALSE
	EndGlobalSection
	GlobalSection(ExtensibilityGlobals) = postSolution
		SolutionGuid = {585187D8-5048-431D-B498-A104E70697B6}
	EndGlobalSection
EndGlobal
